
Microsoft Visual Studio Solution File, Format Version 12.00
# Visual Studio Version 17
VisualStudioVersion = 17.0.32126.317
MinimumVisualStudioVersion = 10.0.40219.1
Project("{FAE04EC0-301F-11D3-BF4B-00C04F79EFBC}") = "TodoListAPI", "TodoListAPI\TodoListAPI.csproj", "{EBFF201F-F262-4EBF-BACF-677399E5F7C9}"
EndProject
Global
	GlobalSection(SolutionConfigurationPlatforms) = preSolution
		Debug|Any CPU = Debug|Any CPU
		Release|Any CPU = Release|Any CPU
	EndGlobalSection
	GlobalSection(ProjectConfigurationPlatforms) = postSolution
		{EBFF201F-F262-4EBF-BACF-677399E5F7C9}.Debug|Any CPU.ActiveCfg = Debug|Any CPU
		{EBFF201F-F262-4EBF-BACF-677399E5F7C9}.Debug|Any CPU.Build.0 = Debug|Any CPU
		{EBFF201F-F262-4EBF-BACF-677399E5F7C9}.Release|Any CPU.ActiveCfg = Release|Any CPU
		{EBFF201F-F262-4EBF-BACF-677399E5F7C9}.Release|Any CPU.Build.0 = Release|Any CPU
	EndGlobalSection
	GlobalSection(SolutionProperties) = preSolution
		HideSolutionNode = FALSE
	EndGlobalSection
	GlobalSection(ExtensibilityGlobals) = postSolution
		SolutionGuid = {EE19AA96-3E08-4218-8FBB-CFD4682B1A62}
	EndGlobalSection
EndGlobal
